{
  "name": "sr_core_ts",
  "version": "1.46.47",
  "lockfileVersion": 1,
  "requires": true,
  "dependencies": {
    "@types/marked": {
      "version": "1.2.1",
      "resolved": "https://registry.npmjs.org/@types/marked/-/marked-1.2.1.tgz",
      "integrity": "sha512-d5adCgRHB+NAme23hkiTkvpfZUDqoNtL2Sr2nZBJqSj3zyHLxsfFWsGQ2sK2z9aX6L1xkJzon2c0jTPcsEjpaQ==",
      "dev": true
    },
    "@types/node": {
      "version": "13.13.34",
      "resolved": "https://registry.npmjs.org/@types/node/-/node-13.13.34.tgz",
      "integrity": "sha512-g8D1HF2dMDKYSDl5+79izRwRgNPsSynmWMbj50mj7GZ0b7Lv4p8EmZjbo3h0h+6iLr6YmVz9VnF6XVZ3O6V1Ug==",
      "dev": true
    },
    "marked": {
      "version": "1.2.5",
      "resolved": "https://registry.npmjs.org/marked/-/marked-1.2.5.tgz",
      "integrity": "sha512-2AlqgYnVPOc9WDyWu7S5DJaEZsfk6dNh/neatQ3IHUW4QLutM/VPSH9lG7bif+XjFWc9K9XR3QvR+fXuECmfdA=="
    },
    "sr_core_ts": {
      "version": "1.46.47",
      "resolved": "https://registry.npmjs.org/sr_core_ts/-/sr_core_ts-1.46.47.tgz",
      "integrity": "sha512-EF5iEujmXorEZzng+8gPm4/13m4/JueHhvf/5JDODHgI0j/uv3jlCS875xFK9uFepqXY4dRp9EsrSMwCpqBKog==",
      "dev": true,
      "requires": {
        "marked": "^1.2.5"
      }
    },
    "sr_test_framework": {
      "version": "1.0.18",
      "resolved": "https://registry.npmjs.org/sr_test_framework/-/sr_test_framework-1.0.18.tgz",
      "integrity": "sha512-TUjpfXuP3/wwVw7G1bR9T4SarZtM8UuG2BGwmFYmn74F+pQYUFBBauQaZAk8olItU7S89ytONptbCwXdd6BS8g==",
      "dev": true,
      "requires": {
        "sr_core_ts": "^1.46.42"
      }
    },
    "typescript": {
      "version": "4.0.5",
      "resolved": "https://registry.npmjs.org/typescript/-/typescript-4.0.5.tgz",
      "integrity": "sha512-ywmr/VrTVCmNTJ6iV2LwIrfG1P+lv6luD8sUJs+2eI9NLGigaN+nUQc13iHqisq7bra9lnmUSYqbJvegraBOPQ==",
      "dev": true
    }
  }
}
