{
  "name": "sr_core_ts",
  "version": "1.46.72",
  "lockfileVersion": 2,
  "requires": true,
  "packages": {
    "": {
      "name": "sr_core_ts",
      "version": "1.46.72",
      "license": "UNLICENSED",
      "devDependencies": {
        "@types/node": "^18.14.6",
        "sr_test_framework": "^1.0.18",
        "typescript": "^4.9.5"
      }
    },
    "node_modules/@steverichter/sr_node_core": {
      "version": "1.0.4",
      "resolved": "https://registry.npmjs.org/@steverichter/sr_node_core/-/sr_node_core-1.0.4.tgz",
      "integrity": "sha512-Z2VnfjS/PtqbtK0//5Y98qcevuJrvPH2Z9ywB0v35M03zXK00ObzWobucJWfrqhJLoQHjTKBhf8W4x8XEtKdWw==",
      "dev": true,
      "dependencies": {
        "marked": "^4.2.12",
        "sr_core_ts": "^1.46.58"
      }
    },
    "node_modules/@types/node": {
      "version": "18.15.5",
      "resolved": "https://registry.npmjs.org/@types/node/-/node-18.15.5.tgz",
      "integrity": "sha512-Ark2WDjjZO7GmvsyFFf81MXuGTA/d6oP38anyxWOL6EREyBKAxKoFHwBhaZxCfLRLpO8JgVXwqOwSwa7jRcjew==",
      "dev": true
    },
    "node_modules/marked": {
      "version": "4.3.0",
      "resolved": "https://registry.npmjs.org/marked/-/marked-4.3.0.tgz",
      "integrity": "sha512-PRsaiG84bK+AMvxziE/lCFss8juXjNaWzVbN5tXAm4XjeaS9NAHhop+PjQxz2A9h8Q4M/xGmzP8vqNwy6JeK0A==",
      "dev": true,
      "bin": {
        "marked": "bin/marked.js"
      },
      "engines": {
        "node": ">= 12"
      }
    },
    "node_modules/sr_core_ts": {
      "version": "1.46.72",
      "resolved": "https://registry.npmjs.org/sr_core_ts/-/sr_core_ts-1.46.72.tgz",
      "integrity": "sha512-x9RMAh1vgPhOjnqa8UOpJzzDyZWkzFUEDZTbU/eELousTUH+edYxalWBtxm7CDHFqSULN4Oz4KadHOshJNm+qA==",
      "dev": true
    },
    "node_modules/sr_test_framework": {
      "version": "1.0.23",
      "resolved": "https://registry.npmjs.org/sr_test_framework/-/sr_test_framework-1.0.23.tgz",
      "integrity": "sha512-EaJ0OLKlv7PkmGi1FItxjhZrX+tFFKf6edRCLVYDQT5abueLWqzBd6gw/3TmD1xdYvhKbUzyvtkhqzGwaxmXdA==",
      "dev": true,
      "dependencies": {
        "@steverichter/sr_node_core": "^1.0.1",
        "sr_core_ts": "^1.46.66"
      }
    },
    "node_modules/typescript": {
      "version": "4.9.5",
      "resolved": "https://registry.npmjs.org/typescript/-/typescript-4.9.5.tgz",
      "integrity": "sha512-1FXk9E2Hm+QzZQ7z+McJiHL4NW1F2EzMu9Nq9i3zAaGqibafqYwCVU6WyWAuyQRRzOlxou8xZSyXLEN8oKj24g==",
      "dev": true,
      "bin": {
        "tsc": "bin/tsc",
        "tsserver": "bin/tsserver"
      },
      "engines": {
        "node": ">=4.2.0"
      }
    }
  },
  "dependencies": {
    "@steverichter/sr_node_core": {
      "version": "1.0.4",
      "resolved": "https://registry.npmjs.org/@steverichter/sr_node_core/-/sr_node_core-1.0.4.tgz",
      "integrity": "sha512-Z2VnfjS/PtqbtK0//5Y98qcevuJrvPH2Z9ywB0v35M03zXK00ObzWobucJWfrqhJLoQHjTKBhf8W4x8XEtKdWw==",
      "dev": true,
      "requires": {
        "marked": "^4.2.12",
        "sr_core_ts": "^1.46.58"
      }
    },
    "@types/node": {
      "version": "18.15.5",
      "resolved": "https://registry.npmjs.org/@types/node/-/node-18.15.5.tgz",
      "integrity": "sha512-Ark2WDjjZO7GmvsyFFf81MXuGTA/d6oP38anyxWOL6EREyBKAxKoFHwBhaZxCfLRLpO8JgVXwqOwSwa7jRcjew==",
      "dev": true
    },
    "marked": {
      "version": "4.3.0",
      "resolved": "https://registry.npmjs.org/marked/-/marked-4.3.0.tgz",
      "integrity": "sha512-PRsaiG84bK+AMvxziE/lCFss8juXjNaWzVbN5tXAm4XjeaS9NAHhop+PjQxz2A9h8Q4M/xGmzP8vqNwy6JeK0A==",
      "dev": true
    },
    "sr_core_ts": {
      "version": "1.46.72",
      "resolved": "https://registry.npmjs.org/sr_core_ts/-/sr_core_ts-1.46.72.tgz",
      "integrity": "sha512-x9RMAh1vgPhOjnqa8UOpJzzDyZWkzFUEDZTbU/eELousTUH+edYxalWBtxm7CDHFqSULN4Oz4KadHOshJNm+qA==",
      "dev": true
    },
    "sr_test_framework": {
      "version": "1.0.23",
      "resolved": "https://registry.npmjs.org/sr_test_framework/-/sr_test_framework-1.0.23.tgz",
      "integrity": "sha512-EaJ0OLKlv7PkmGi1FItxjhZrX+tFFKf6edRCLVYDQT5abueLWqzBd6gw/3TmD1xdYvhKbUzyvtkhqzGwaxmXdA==",
      "dev": true,
      "requires": {
        "@steverichter/sr_node_core": "^1.0.1",
        "sr_core_ts": "^1.46.66"
      }
    },
    "typescript": {
      "version": "4.9.5",
      "resolved": "https://registry.npmjs.org/typescript/-/typescript-4.9.5.tgz",
      "integrity": "sha512-1FXk9E2Hm+QzZQ7z+McJiHL4NW1F2EzMu9Nq9i3zAaGqibafqYwCVU6WyWAuyQRRzOlxou8xZSyXLEN8oKj24g==",
      "dev": true
    }
  }
}
