{
  "name": "sr_core_ts",
  "version": "1.46.67",
  "lockfileVersion": 2,
  "requires": true,
  "packages": {
    "": {
      "name": "sr_core_ts",
      "version": "1.46.67",
      "license": "UNLICENSED",
      "devDependencies": {
        "sr_test_framework": "^1.0.18",
        "typescript": "^4.9.5"
      }
    },
    "node_modules/@steverichter/sr_node_core": {
      "version": "1.0.2",
      "resolved": "https://registry.npmjs.org/@steverichter/sr_node_core/-/sr_node_core-1.0.2.tgz",
      "integrity": "sha512-bdZ+hVUN7i0A3Rv44AL2LLsUNE5kPALlR5GO8kvZL2noVO3qkyY2FqlpkDbvCmCe8QYwgbSjHsvxdEKlp/Ca7w==",
      "dev": true,
      "dependencies": {
        "marked": "^4.2.12",
        "sr_core_ts": "^1.46.58"
      }
    },
    "node_modules/marked": {
      "version": "4.2.12",
      "resolved": "https://registry.npmjs.org/marked/-/marked-4.2.12.tgz",
      "integrity": "sha512-yr8hSKa3Fv4D3jdZmtMMPghgVt6TWbk86WQaWhDloQjRSQhMMYCAro7jP7VDJrjjdV8pxVxMssXS8B8Y5DZ5aw==",
      "dev": true,
      "bin": {
        "marked": "bin/marked.js"
      },
      "engines": {
        "node": ">= 12"
      }
    },
    "node_modules/sr_core_ts": {
      "version": "1.46.67",
      "resolved": "https://registry.npmjs.org/sr_core_ts/-/sr_core_ts-1.46.67.tgz",
      "integrity": "sha512-rSCmtHf0QvrIgW2Tt/up1UXpdCopJbbC+e1R91pe3igC8eGfC/qbL/2VCidu5Gy12R32QDn9zPVRBTMcOzdysw==",
      "dev": true
    },
    "node_modules/sr_test_framework": {
      "version": "1.0.23",
      "resolved": "https://registry.npmjs.org/sr_test_framework/-/sr_test_framework-1.0.23.tgz",
      "integrity": "sha512-EaJ0OLKlv7PkmGi1FItxjhZrX+tFFKf6edRCLVYDQT5abueLWqzBd6gw/3TmD1xdYvhKbUzyvtkhqzGwaxmXdA==",
      "dev": true,
      "dependencies": {
        "@steverichter/sr_node_core": "^1.0.1",
        "sr_core_ts": "^1.46.66"
      }
    },
    "node_modules/typescript": {
      "version": "4.9.5",
      "resolved": "https://registry.npmjs.org/typescript/-/typescript-4.9.5.tgz",
      "integrity": "sha512-1FXk9E2Hm+QzZQ7z+McJiHL4NW1F2EzMu9Nq9i3zAaGqibafqYwCVU6WyWAuyQRRzOlxou8xZSyXLEN8oKj24g==",
      "dev": true,
      "bin": {
        "tsc": "bin/tsc",
        "tsserver": "bin/tsserver"
      },
      "engines": {
        "node": ">=4.2.0"
      }
    }
  },
  "dependencies": {
    "@steverichter/sr_node_core": {
      "version": "1.0.2",
      "resolved": "https://registry.npmjs.org/@steverichter/sr_node_core/-/sr_node_core-1.0.2.tgz",
      "integrity": "sha512-bdZ+hVUN7i0A3Rv44AL2LLsUNE5kPALlR5GO8kvZL2noVO3qkyY2FqlpkDbvCmCe8QYwgbSjHsvxdEKlp/Ca7w==",
      "dev": true,
      "requires": {
        "marked": "^4.2.12",
        "sr_core_ts": "^1.46.58"
      }
    },
    "marked": {
      "version": "4.2.12",
      "resolved": "https://registry.npmjs.org/marked/-/marked-4.2.12.tgz",
      "integrity": "sha512-yr8hSKa3Fv4D3jdZmtMMPghgVt6TWbk86WQaWhDloQjRSQhMMYCAro7jP7VDJrjjdV8pxVxMssXS8B8Y5DZ5aw==",
      "dev": true
    },
    "sr_core_ts": {
      "version": "1.46.67",
      "resolved": "https://registry.npmjs.org/sr_core_ts/-/sr_core_ts-1.46.67.tgz",
      "integrity": "sha512-rSCmtHf0QvrIgW2Tt/up1UXpdCopJbbC+e1R91pe3igC8eGfC/qbL/2VCidu5Gy12R32QDn9zPVRBTMcOzdysw==",
      "dev": true
    },
    "sr_test_framework": {
      "version": "1.0.23",
      "resolved": "https://registry.npmjs.org/sr_test_framework/-/sr_test_framework-1.0.23.tgz",
      "integrity": "sha512-EaJ0OLKlv7PkmGi1FItxjhZrX+tFFKf6edRCLVYDQT5abueLWqzBd6gw/3TmD1xdYvhKbUzyvtkhqzGwaxmXdA==",
      "dev": true,
      "requires": {
        "@steverichter/sr_node_core": "^1.0.1",
        "sr_core_ts": "^1.46.66"
      }
    },
    "typescript": {
      "version": "4.9.5",
      "resolved": "https://registry.npmjs.org/typescript/-/typescript-4.9.5.tgz",
      "integrity": "sha512-1FXk9E2Hm+QzZQ7z+McJiHL4NW1F2EzMu9Nq9i3zAaGqibafqYwCVU6WyWAuyQRRzOlxou8xZSyXLEN8oKj24g==",
      "dev": true
    }
  }
}
